
Microsoft Visual Studio Solution File, Format Version 12.00
# 17
VisualStudioVersion = 17.5.33424.131
MinimumVisualStudioVersion = 10.0.40219.1
Project("{9A19103F-16F7-4668-BE54-9A1E7A4F7556}") = "RateLimiterSample", "RateLimiterSample\RateLimiterSample.csproj", "{99482A65-FC54-4991-B35D-A38D68F8486A}"
EndProject
Project("{2150E333-8FDC-42A3-9474-1A3956D46DE8}") = "Solution Items", "Solution Items", "{A11AC24C-89E7-4756-A131-A156938C24E0}"
	ProjectSection(SolutionItems) = preProject
		.editorconfig = .editorconfig
		Directory.Build.props = Directory.Build.props
	EndProjectSection
EndProject
Global
	GlobalSection(SolutionConfigurationPlatforms) = preSolution
		Debug|Any CPU = Debug|Any CPU
		Release|Any CPU = Release|Any CPU
	EndGlobalSection
	GlobalSection(ProjectConfigurationPlatforms) = postSolution
		{99482A65-FC54-4991-B35D-A38D68F8486A}.Debug|Any CPU.ActiveCfg = Debug|Any CPU
		{99482A65-FC54-4991-B35D-A38D68F8486A}.Debug|Any CPU.Build.0 = Debug|Any CPU
		{99482A65-FC54-4991-B35D-A38D68F8486A}.Release|Any CPU.ActiveCfg = Release|Any CPU
		{99482A65-FC54-4991-B35D-A38D68F8486A}.Release|Any CPU.Build.0 = Release|Any CPU
	EndGlobalSection
	GlobalSection(SolutionProperties) = preSolution
		HideSolutionNode = FALSE
	EndGlobalSection
	GlobalSection(ExtensibilityGlobals) = postSolution
		SolutionGuid = {87C4769B-3732-4B89-9767-F0A6FB854701}
	EndGlobalSection
EndGlobal
